
Microsoft Visual Studio Solution File, Format Version 12.00
# Visual Studio Version 16
VisualStudioVersion = 16.0.34601.136
MinimumVisualStudioVersion = 10.0.40219.1
Project("{FAE04EC0-301F-11D3-BF4B-00C04F79EFBC}") = "大学生课程学习管理与成绩评价系统", "大学生课程学习管理与成绩评价系统\大学生课程学习管理与成绩评价系统.csproj", "{F5DDD667-9353-4EC4-94EA-D767F75A027A}"
EndProject
Global
	GlobalSection(SolutionConfigurationPlatforms) = preSolution
		Debug|Any CPU = Debug|Any CPU
		Release|Any CPU = Release|Any CPU
	EndGlobalSection
	GlobalSection(ProjectConfigurationPlatforms) = postSolution
		{F5DDD667-9353-4EC4-94EA-D767F75A027A}.Debug|Any CPU.ActiveCfg = Debug|Any CPU
		{F5DDD667-9353-4EC4-94EA-D767F75A027A}.Debug|Any CPU.Build.0 = Debug|Any CPU
		{F5DDD667-9353-4EC4-94EA-D767F75A027A}.Release|Any CPU.ActiveCfg = Release|Any CPU
		{F5DDD667-9353-4EC4-94EA-D767F75A027A}.Release|Any CPU.Build.0 = Release|Any CPU
	EndGlobalSection
	GlobalSection(SolutionProperties) = preSolution
		HideSolutionNode = FALSE
	EndGlobalSection
	GlobalSection(ExtensibilityGlobals) = postSolution
		SolutionGuid = {091A3605-B589-4B68-ABFA-C36AF137150A}
	EndGlobalSection
EndGlobal
